
Microsoft Visual Studio Solution File, Format Version 12.00
# Visual Studio 15
VisualStudioVersion = 15.0.27703.2042
MinimumVisualStudioVersion = 10.0.40219.1
Project("{FAE04EC0-301F-11D3-BF4B-00C04F79EFBC}") = "WeatherData", "WeatherData\WeatherData.csproj", "{9B9763E9-B36A-4BC4-9C37-CD7302676280}"
EndProject
Project("{FAE04EC0-301F-11D3-BF4B-00C04F79EFBC}") = "Test", "Test\Test.csproj", "{08E93CF9-BAB0-46D0-B7D6-87BB7CE83906}"
EndProject
Global
	GlobalSection(SolutionConfigurationPlatforms) = preSolution
		Debug|Any CPU = Debug|Any CPU
		Release|Any CPU = Release|Any CPU
	EndGlobalSection
	GlobalSection(ProjectConfigurationPlatforms) = postSolution
		{9B9763E9-B36A-4BC4-9C37-CD7302676280}.Debug|Any CPU.ActiveCfg = Debug|Any CPU
		{9B9763E9-B36A-4BC4-9C37-CD7302676280}.Debug|Any CPU.Build.0 = Debug|Any CPU
		{9B9763E9-B36A-4BC4-9C37-CD7302676280}.Release|Any CPU.ActiveCfg = Release|Any CPU
		{9B9763E9-B36A-4BC4-9C37-CD7302676280}.Release|Any CPU.Build.0 = Release|Any CPU
		{08E93CF9-BAB0-46D0-B7D6-87BB7CE83906}.Debug|Any CPU.ActiveCfg = Debug|Any CPU
		{08E93CF9-BAB0-46D0-B7D6-87BB7CE83906}.Debug|Any CPU.Build.0 = Debug|Any CPU
		{08E93CF9-BAB0-46D0-B7D6-87BB7CE83906}.Release|Any CPU.ActiveCfg = Release|Any CPU
		{08E93CF9-BAB0-46D0-B7D6-87BB7CE83906}.Release|Any CPU.Build.0 = Release|Any CPU
	EndGlobalSection
	GlobalSection(SolutionProperties) = preSolution
		HideSolutionNode = FALSE
	EndGlobalSection
	GlobalSection(ExtensibilityGlobals) = postSolution
		SolutionGuid = {399A0A1B-C9B5-4CC1-95DE-3C50BFB3109B}
	EndGlobalSection
EndGlobal
